
Microsoft Visual Studio Solution File, Format Version 12.00
# Visual Studio Version 16
VisualStudioVersion = 16.0.29503.13
MinimumVisualStudioVersion = 10.0.40219.1
Project("{9A19103F-16F7-4668-BE54-9A1E7A4F7556}") = "MiniBook.Identity", "Server\MiniBook.Identity\MiniBook.Identity.csproj", "{797D884A-B66C-470C-93C4-A407893131B8}"
EndProject
Project("{2150E333-8FDC-42A3-9474-1A3956D46DE8}") = "Client", "Client", "{00E42675-6FCD-48A6-A0CE-36896917C96E}"
EndProject
Project("{2150E333-8FDC-42A3-9474-1A3956D46DE8}") = "Server", "Server", "{C462F371-73DE-4A0F-99EB-EFEBD72C7801}"
EndProject
Project("{9A19103F-16F7-4668-BE54-9A1E7A4F7556}") = "MiniBook.Resource", "MiniBook.Resource\MiniBook.Resource.csproj", "{18311199-6BD3-486A-BD6F-160F2CF81A63}"
EndProject
Project("{FAE04EC0-301F-11D3-BF4B-00C04F79EFBC}") = "MiniBook.Server.Shared", "Server\MiniBook.Server.Shared\MiniBook.Server.Shared.csproj", "{12283582-7792-48F2-A7D9-44BD66C5F683}"
EndProject
Global
	GlobalSection(SolutionConfigurationPlatforms) = preSolution
		Debug|Any CPU = Debug|Any CPU
		Release|Any CPU = Release|Any CPU
	EndGlobalSection
	GlobalSection(ProjectConfigurationPlatforms) = postSolution
		{797D884A-B66C-470C-93C4-A407893131B8}.Debug|Any CPU.ActiveCfg = Debug|Any CPU
		{797D884A-B66C-470C-93C4-A407893131B8}.Debug|Any CPU.Build.0 = Debug|Any CPU
		{797D884A-B66C-470C-93C4-A407893131B8}.Release|Any CPU.ActiveCfg = Release|Any CPU
		{797D884A-B66C-470C-93C4-A407893131B8}.Release|Any CPU.Build.0 = Release|Any CPU
		{18311199-6BD3-486A-BD6F-160F2CF81A63}.Debug|Any CPU.ActiveCfg = Debug|Any CPU
		{18311199-6BD3-486A-BD6F-160F2CF81A63}.Debug|Any CPU.Build.0 = Debug|Any CPU
		{18311199-6BD3-486A-BD6F-160F2CF81A63}.Release|Any CPU.ActiveCfg = Release|Any CPU
		{18311199-6BD3-486A-BD6F-160F2CF81A63}.Release|Any CPU.Build.0 = Release|Any CPU
		{12283582-7792-48F2-A7D9-44BD66C5F683}.Debug|Any CPU.ActiveCfg = Debug|Any CPU
		{12283582-7792-48F2-A7D9-44BD66C5F683}.Debug|Any CPU.Build.0 = Debug|Any CPU
		{12283582-7792-48F2-A7D9-44BD66C5F683}.Release|Any CPU.ActiveCfg = Release|Any CPU
		{12283582-7792-48F2-A7D9-44BD66C5F683}.Release|Any CPU.Build.0 = Release|Any CPU
	EndGlobalSection
	GlobalSection(SolutionProperties) = preSolution
		HideSolutionNode = FALSE
	EndGlobalSection
	GlobalSection(NestedProjects) = preSolution
		{797D884A-B66C-470C-93C4-A407893131B8} = {C462F371-73DE-4A0F-99EB-EFEBD72C7801}
		{18311199-6BD3-486A-BD6F-160F2CF81A63} = {C462F371-73DE-4A0F-99EB-EFEBD72C7801}
		{12283582-7792-48F2-A7D9-44BD66C5F683} = {C462F371-73DE-4A0F-99EB-EFEBD72C7801}
	EndGlobalSection
	GlobalSection(ExtensibilityGlobals) = postSolution
		SolutionGuid = {999990EB-75A1-4924-9D33-C6373E354AB6}
	EndGlobalSection
EndGlobal
